
Microsoft Visual Studio Solution File, Format Version 12.00
# Visual Studio Version 17
VisualStudioVersion = 17.10.35122.118
MinimumVisualStudioVersion = 10.0.40219.1
Project("{9A19103F-16F7-4668-BE54-9A1E7A4F7556}") = "Demeter", "Demeter.csproj", "{DDC7C83F-E11F-416C-844C-77A48A01E499}"
EndProject
Global
	GlobalSection(SolutionConfigurationPlatforms) = preSolution
		Debug|Any CPU = Debug|Any CPU
		Release|Any CPU = Release|Any CPU
	EndGlobalSection
	GlobalSection(ProjectConfigurationPlatforms) = postSolution
		{DDC7C83F-E11F-416C-844C-77A48A01E499}.Debug|Any CPU.ActiveCfg = Debug|Any CPU
		{DDC7C83F-E11F-416C-844C-77A48A01E499}.Debug|Any CPU.Build.0 = Debug|Any CPU
		{DDC7C83F-E11F-416C-844C-77A48A01E499}.Release|Any CPU.ActiveCfg = Release|Any CPU
		{DDC7C83F-E11F-416C-844C-77A48A01E499}.Release|Any CPU.Build.0 = Release|Any CPU
	EndGlobalSection
	GlobalSection(SolutionProperties) = preSolution
		HideSolutionNode = FALSE
	EndGlobalSection
	GlobalSection(ExtensibilityGlobals) = postSolution
		SolutionGuid = {AE18CBDC-2EF5-4EBD-9338-D6606812FDEB}
	EndGlobalSection
EndGlobal
